// !$*UTF8*$!
{
	archiveVersion = 1;
	classes = {
	};
	objectVersion = 46;
	objects = {

/* Begin PBXBuildFile section */
		22FD595A1C4B6BCC003EC793 /* AppDelegate.swift in Sources */ = {isa = PBXBuildFile; fileRef = 22FD59591C4B6BCC003EC793 /* AppDelegate.swift */; };
		22FD595C1C4B6BCC003EC793 /* ViewController.swift in Sources */ = {isa = PBXBuildFile; fileRef = 22FD595B1C4B6BCC003EC793 /* ViewController.swift */; };
		22FD595F1C4B6BCC003EC793 /* Main.storyboard in Resources */ = {isa = PBXBuildFile; fileRef = 22FD595D1C4B6BCC003EC793 /* Main.storyboard */; };
		22FD59611C4B6BCC003EC793 /* Assets.xcassets in Resources */ = {isa = PBXBuildFile; fileRef = 22FD59601C4B6BCC003EC793 /* Assets.xcassets */; };
		22FD59641C4B6BCC003EC793 /* LaunchScreen.storyboard in Resources */ = {isa = PBXBuildFile; fileRef = 22FD59621C4B6BCC003EC793 /* LaunchScreen.storyboard */; };
/* End PBXBuildFile section */

/* Begin PBXFileReference section */
		22FD59561C4B6BCC003EC793 /* calculatorFromHarvard.app */ = {isa = PBXFileReference; explicitFileType = wrapper.application; includeInIndex = 0; path = calculatorFromHarvard.app; sourceTree = BUILT_PRODUCTS_DIR; };
		22FD59591C4B6BCC003EC793 /* AppDelegate.swift */ = {isa = PBXFileReference; lastKnownFileType = sourcecode.swift; path = AppDelegate.swift; sourceTree = "<group>"; };
		22FD595B1C4B6BCC003EC793 /* ViewController.swift */ = {isa = PBXFileReference; lastKnownFileType = sourcecode.swift; path = ViewController.swift; sourceTree = "<group>"; };
		22FD595E1C4B6BCC003EC793 /* Base */ = {isa = PBXFileReference; lastKnownFileType = file.storyboard; name = Base; path = Base.lproj/Main.storyboard; sourceTree = "<group>"; };
		22FD59601C4B6BCC003EC793 /* Assets.xcassets */ = {isa = PBXFileReference; lastKnownFileType = folder.assetcatalog; path = Assets.xcassets; sourceTree = "<group>"; };
		22FD59631C4B6BCC003EC793 /* Base */ = {isa = PBXFileReference; lastKnownFileType = file.storyboard; name = Base; path = Base.lproj/LaunchScreen.storyboard; sourceTree = "<group>"; };
		22FD59651C4B6BCC003EC793 /* Info.plist */ = {isa = PBXFileReference; lastKnownFileType = text.plist.xml; path = Info.plist; sourceTree = "<group>"; };
/* End PBXFileReference section */

/* Begin PBXFrameworksBuildPhase section */
		22FD59531C4B6BCC003EC793 /* Frameworks */ = {
			isa = PBXFrameworksBuildPhase;
			buildActionMask = 2147483647;
			files = (
			);
			runOnlyForDeploymentPostprocessing = 0;
		};
/* End PBXFrameworksBuildPhase section */

/* Begin PBXGroup section */
		22FD594D1C4B6BCC003EC793 = {
			isa = PBXGroup;
			children = (
				22FD59581C4B6BCC003EC793 /* calculatorFromHarvard */,
				22FD59571C4B6BCC003EC793 /* Products */,
			);
			sourceTree = "<group>";
		};
		22FD59571C4B6BCC003EC793 /* Products */ = {
			isa = PBXGroup;
			children = (
				22FD59561C4B6BCC003EC793 /* calculatorFromHarvard.app */,
			);
			name = Products;
			sourceTree = "<group>";
		};
		22FD59581C4B6BCC003EC793 /* calculatorFromHarvard */ = {
			isa = PBXGroup;
			children = (
				22FD59591C4B6BCC003EC793 /* AppDelegate.swift */,
				22FD595B1C4B6BCC003EC793 /* ViewController.swift */,
				22FD595D1C4B6BCC003EC793 /* Main.storyboard */,
				22FD59601C4B6BCC003EC793 /* Assets.xcassets */,
				22FD59621C4B6BCC003EC793 /* LaunchScreen.storyboard */,
				22FD59651C4B6BCC003EC793 /* Info.plist */,
			);
			path = calculatorFromHarvard;
			sourceTree = "<group>";
		};
/* End PBXGroup section */

/* Begin PBXNativeTarget section */
		22FD59551C4B6BCC003EC793 /* calculatorFromHarvard */ = {
			isa = PBXNativeTarget;
			buildConfigurationList = 22FD59681C4B6BCC003EC793 /* Build configuration list for PBXNativeTarget "calculatorFromHarvard" */;
			buildPhases = (
				22FD59521C4B6BCC003EC793 /* Sources */,
				22FD59531C4B6BCC003EC793 /* Frameworks */,
				22FD59541C4B6BCC003EC793 /* Resources */,
			);
			buildRules = (
			);
			dependencies = (
			);
			name = calculatorFromHarvard;
			productName = calculatorFromHarvard;
			productReference = 22FD59561C4B6BCC003EC793 /* calculatorFromHarvard.app */;
			productType = "com.apple.product-type.application";
		};
/* End PBXNativeTarget section */

/* Begin PBXProject section */
		22FD594E1C4B6BCC003EC793 /* Project object */ = {
			isa = PBXProject;
			attributes = {
				LastSwiftUpdateCheck = 0720;
				LastUpgradeCheck = 0720;
				ORGANIZATIONNAME = "Anit College";
				TargetAttributes = {
					22FD59551C4B6BCC003EC793 = {
						CreatedOnToolsVersion = 7.2;
						DevelopmentTeam = 475R5KPA83;
					};
				};
			};
			buildConfigurationList = 22FD59511C4B6BCC003EC793 /* Build configuration list for PBXProject "calculatorFromHarvard" */;
			compatibilityVersion = "Xcode 3.2";
			developmentRegion = English;
			hasScannedForEncodings = 0;
			knownRegions = (
				en,
				Base,
			);
			mainGroup = 22FD594D1C4B6BCC003EC793;
			productRefGroup = 22FD59571C4B6BCC003EC793 /* Products */;
			projectDirPath = "";
			projectRoot = "";
			targets = (
				22FD59551C4B6BCC003EC793 /* calculatorFromHarvard */,
			);
		};
/* End PBXProject section */

/* Begin PBXResourcesBuildPhase section */
		22FD59541C4B6BCC003EC793 /* Resources */ = {
			isa = PBXResourcesBuildPhase;
			buildActionMask = 2147483647;
			files = (
				22FD59641C4B6BCC003EC793 /* LaunchScreen.storyboard in Resources */,
				22FD59611C4B6BCC003EC793 /* Assets.xcassets in Resources */,
				22FD595F1C4B6BCC003EC793 /* Main.storyboard in Resources */,
			);
			runOnlyForDeploymentPostprocessing = 0;
		};
/* End PBXResourcesBuildPhase section */

/* Begin PBXSourcesBuildPhase section */
		22FD59521C4B6BCC003EC793 /* Sources */ = {
			isa = PBXSourcesBuildPhase;
			buildActionMask = 2147483647;
			files = (
				22FD595C1C4B6BCC003EC793 /* ViewController.swift in Sources */,
				22FD595A1C4B6BCC003EC793 /* AppDelegate.swift in Sources */,
			);
			runOnlyForDeploymentPostprocessing = 0;
		};
/* End PBXSourcesBuildPhase section */

/* Begin PBXVariantGroup section */
		22FD595D1C4B6BCC003EC793 /* Main.storyboard */ = {
			isa = PBXVariantGroup;
			children = (
				22FD595E1C4B6BCC003EC793 /* Base */,
			);
			name = Main.storyboard;
			sourceTree = "<group>";
		};
		22FD59621C4B6BCC003EC793 /* LaunchScreen.storyboard */ = {
			isa = PBXVariantGroup;
			children = (
				22FD59631C4B6BCC003EC793 /* Base */,
			);
			name = LaunchScreen.storyboard;
			sourceTree = "<group>";
		};
/* End PBXVariantGroup section */

/* Begin XCBuildConfiguration section */
		22FD59661C4B6BCC003EC793 /* Debug */ = {
			isa = XCBuildConfiguration;
			buildSettings = {
				ALWAYS_SEARCH_USER_PATHS = NO;
				CLANG_CXX_LANGUAGE_STANDARD = "gnu++0x";
				CLANG_CXX_LIBRARY = "libc++";
				CLANG_ENABLE_MODULES = YES;
				CLANG_ENABLE_OBJC_ARC = YES;
				CLANG_WARN_BOOL_CONVERSION = YES;
				CLANG_WARN_CONSTANT_CONVERSION = YES;
				CLANG_WARN_DIRECT_OBJC_ISA_USAGE = YES_ERROR;
				CLANG_WARN_EMPTY_BODY = YES;
				CLANG_WARN_ENUM_CONVERSION = YES;
				CLANG_WARN_INT_CONVERSION = YES;
				CLANG_WARN_OBJC_ROOT_CLASS = YES_ERROR;
				CLANG_WARN_UNREACHABLE_CODE = YES;
				CLANG_WARN__DUPLICATE_METHOD_MATCH = YES;
				"CODE_SIGN_IDENTITY[sdk=iphoneos*]" = "iPhone Developer";
				COPY_PHASE_STRIP = NO;
				DEBUG_INFORMATION_FORMAT = dwarf;
				ENABLE_STRICT_OBJC_MSGSEND = YES;
				ENABLE_TESTABILITY = YES;
				GCC_C_LANGUAGE_STANDARD = gnu99;
				GCC_DYNAMIC_NO_PIC = NO;
				GCC_NO_COMMON_BLOCKS = YES;
				GCC_OPTIMIZATION_LEVEL = 0;
				GCC_PREPROCESSOR_DEFINITIONS = (
					"DEBUG=1",
					"$(inherited)",
				);
				GCC_WARN_64_TO_32_BIT_CONVERSION = YES;
				GCC_WARN_ABOUT_RETURN_TYPE = YES_ERROR;
				GCC_WARN_UNDECLARED_SELECTOR = YES;
				GCC_WARN_UNINITIALIZED_AUTOS = YES_AGGRESSIVE;
				GCC_WARN_UNUSED_FUNCTION = YES;
				GCC_WARN_UNUSED_VARIABLE = YES;
				IPHONEOS_DEPLOYMENT_TARGET = 9.2;
				MTL_ENABLE_DEBUG_INFO = YES;
				ONLY_ACTIVE_ARCH = YES;
				SDKROOT = iphoneos;
				SWIFT_OPTIMIZATION_LEVEL = "-Onone";
				TARGETED_DEVICE_FAMILY = "1,2";
			};
			name = Debug;
		};
		22FD59671C4B6BCC003EC793 /* Release */ = {
			isa = XCBuildConfiguration;
			buildSettings = {
				ALWAYS_SEARCH_USER_PATHS = NO;
				CLANG_CXX_LANGUAGE_STANDARD = "gnu++0x";
				CLANG_CXX_LIBRARY = "libc++";
				CLANG_ENABLE_MODULES = YES;
				CLANG_ENABLE_OBJC_ARC = YES;
				CLANG_WARN_BOOL_CONVERSION = YES;
				CLANG_WARN_CONSTANT_CONVERSION = YES;
				CLANG_WARN_DIRECT_OBJC_ISA_USAGE = YES_ERROR;
				CLANG_WARN_EMPTY_BODY = YES;
				CLANG_WARN_ENUM_CONVERSION = YES;
				CLANG_WARN_INT_CONVERSION = YES;
				CLANG_WARN_OBJC_ROOT_CLASS = YES_ERROR;
				CLANG_WARN_UNREACHABLE_CODE = YES;
				CLANG_WARN__DUPLICATE_METHOD_MATCH = YES;
				"CODE_SIGN_IDENTITY[sdk=iphoneos*]" = "iPhone Developer";
				COPY_PHASE_STRIP = NO;
				DEBUG_INFORMATION_FORMAT = "dwarf-with-dsym";
				ENABLE_NS_ASSERTIONS = NO;
				ENABLE_STRICT_OBJC_MSGSEND = YES;
				GCC_C_LANGUAGE_STANDARD = gnu99;
				GCC_NO_COMMON_BLOCKS = YES;
				GCC_WARN_64_TO_32_BIT_CONVERSION = YES;
				GCC_WARN_ABOUT_RETURN_TYPE = YES_ERROR;
				GCC_WARN_UNDECLARED_SELECTOR = YES;
				GCC_WARN_UNINITIALIZED_AUTOS = YES_AGGRESSIVE;
				GCC_WARN_UNUSED_FUNCTION = YES;
				GCC_WARN_UNUSED_VARIABLE = YES;
				IPHONEOS_DEPLOYMENT_TARGET = 9.2;
				MTL_ENABLE_DEBUG_INFO = NO;
				SDKROOT = iphoneos;
				TARGETED_DEVICE_FAMILY = "1,2";
				VALIDATE_PRODUCT = YES;
			};
			name = Release;
		};
		22FD59691C4B6BCC003EC793 /* Debug */ = {
			isa = XCBuildConfiguration;
			buildSettings = {
				ASSETCATALOG_COMPILER_APPICON_NAME = AppIcon;
				INFOPLIST_FILE = calculatorFromHarvard/Info.plist;
				LD_RUNPATH_SEARCH_PATHS = "$(inherited) @executable_path/Frameworks";
				PRODUCT_BUNDLE_IDENTIFIER = edu.Anit.calculatorFromHarvard;
				PRODUCT_NAME = "$(TARGET_NAME)";
			};
			name = Debug;
		};
		22FD596A1C4B6BCC003EC793 /* Release */ = {
			isa = XCBuildConfiguration;
			buildSettings = {
				ASSETCATALOG_COMPILER_APPICON_NAME = AppIcon;
				INFOPLIST_FILE = calculatorFromHarvard/Info.plist;
				LD_RUNPATH_SEARCH_PATHS = "$(inherited) @executable_path/Frameworks";
				PRODUCT_BUNDLE_IDENTIFIER = edu.Anit.calculatorFromHarvard;
				PRODUCT_NAME = "$(TARGET_NAME)";
			};
			name = Release;
		};
/* End XCBuildConfiguration section */

/* Begin XCConfigurationList section */
		22FD59511C4B6BCC003EC793 /* Build configuration list for PBXProject "calculatorFromHarvard" */ = {
			isa = XCConfigurationList;
			buildConfigurations = (
				22FD59661C4B6BCC003EC793 /* Debug */,
				22FD59671C4B6BCC003EC793 /* Release */,
			);
			defaultConfigurationIsVisible = 0;
			defaultConfigurationName = Release;
		};
		22FD59681C4B6BCC003EC793 /* Build configuration list for PBXNativeTarget "calculatorFromHarvard" */ = {
			isa = XCConfigurationList;
			buildConfigurations = (
				22FD59691C4B6BCC003EC793 /* Debug */,
				22FD596A1C4B6BCC003EC793 /* Release */,
			);
			defaultConfigurationIsVisible = 0;
		};
/* End XCConfigurationList section */
	};
	rootObject = 22FD594E1C4B6BCC003EC793 /* Project object */;
}
