// !$*UTF8*$!
{
	archiveVersion = 1;
	classes = {
	};
	objectVersion = 46;
	objects = {

/* Begin PBXBuildFile section */
		227707E31CED619E00A56078 /* main.m in Sources */ = {isa = PBXBuildFile; fileRef = 227707E21CED619E00A56078 /* main.m */; };
		22EBFE9E1CEEB60F004127BD /* main.m in Sources */ = {isa = PBXBuildFile; fileRef = 22EBFE9D1CEEB60F004127BD /* main.m */; };
/* End PBXBuildFile section */

/* Begin PBXCopyFilesBuildPhase section */
		227707DD1CED619E00A56078 /* CopyFiles */ = {
			isa = PBXCopyFilesBuildPhase;
			buildActionMask = 2147483647;
			dstPath = /usr/share/man/man1/;
			dstSubfolderSpec = 0;
			files = (
			);
			runOnlyForDeploymentPostprocessing = 1;
		};
		22EBFE991CEEB60F004127BD /* CopyFiles */ = {
			isa = PBXCopyFilesBuildPhase;
			buildActionMask = 2147483647;
			dstPath = /usr/share/man/man1/;
			dstSubfolderSpec = 0;
			files = (
			);
			runOnlyForDeploymentPostprocessing = 1;
		};
/* End PBXCopyFilesBuildPhase section */

/* Begin PBXFileReference section */
		227707DF1CED619E00A56078 /* PracticeOC */ = {isa = PBXFileReference; explicitFileType = "compiled.mach-o.executable"; includeInIndex = 0; path = PracticeOC; sourceTree = BUILT_PRODUCTS_DIR; };
		227707E21CED619E00A56078 /* main.m */ = {isa = PBXFileReference; lastKnownFileType = sourcecode.c.objc; path = main.m; sourceTree = "<group>"; };
		22EBFE9B1CEEB60F004127BD /* JSONOC */ = {isa = PBXFileReference; explicitFileType = "compiled.mach-o.executable"; includeInIndex = 0; path = JSONOC; sourceTree = BUILT_PRODUCTS_DIR; };
		22EBFE9D1CEEB60F004127BD /* main.m */ = {isa = PBXFileReference; indentWidth = 2; lastKnownFileType = sourcecode.c.objc; path = main.m; sourceTree = "<group>"; tabWidth = 2; usesTabs = 0; };
/* End PBXFileReference section */

/* Begin PBXFrameworksBuildPhase section */
		227707DC1CED619E00A56078 /* Frameworks */ = {
			isa = PBXFrameworksBuildPhase;
			buildActionMask = 2147483647;
			files = (
			);
			runOnlyForDeploymentPostprocessing = 0;
		};
		22EBFE981CEEB60F004127BD /* Frameworks */ = {
			isa = PBXFrameworksBuildPhase;
			buildActionMask = 2147483647;
			files = (
			);
			runOnlyForDeploymentPostprocessing = 0;
		};
/* End PBXFrameworksBuildPhase section */

/* Begin PBXGroup section */
		227707D61CED619E00A56078 = {
			isa = PBXGroup;
			children = (
				227707E11CED619E00A56078 /* PracticeOC */,
				22EBFE9C1CEEB60F004127BD /* JSONOC */,
				227707E01CED619E00A56078 /* Products */,
			);
			sourceTree = "<group>";
		};
		227707E01CED619E00A56078 /* Products */ = {
			isa = PBXGroup;
			children = (
				227707DF1CED619E00A56078 /* PracticeOC */,
				22EBFE9B1CEEB60F004127BD /* JSONOC */,
			);
			name = Products;
			sourceTree = "<group>";
		};
		227707E11CED619E00A56078 /* PracticeOC */ = {
			isa = PBXGroup;
			children = (
				227707E21CED619E00A56078 /* main.m */,
			);
			path = PracticeOC;
			sourceTree = "<group>";
		};
		22EBFE9C1CEEB60F004127BD /* JSONOC */ = {
			isa = PBXGroup;
			children = (
				22EBFE9D1CEEB60F004127BD /* main.m */,
			);
			path = JSONOC;
			sourceTree = "<group>";
		};
/* End PBXGroup section */

/* Begin PBXNativeTarget section */
		227707DE1CED619E00A56078 /* PracticeOC */ = {
			isa = PBXNativeTarget;
			buildConfigurationList = 227707E61CED619E00A56078 /* Build configuration list for PBXNativeTarget "PracticeOC" */;
			buildPhases = (
				227707DB1CED619E00A56078 /* Sources */,
				227707DC1CED619E00A56078 /* Frameworks */,
				227707DD1CED619E00A56078 /* CopyFiles */,
			);
			buildRules = (
			);
			dependencies = (
			);
			name = PracticeOC;
			productName = PracticeOC;
			productReference = 227707DF1CED619E00A56078 /* PracticeOC */;
			productType = "com.apple.product-type.tool";
		};
		22EBFE9A1CEEB60F004127BD /* JSONOC */ = {
			isa = PBXNativeTarget;
			buildConfigurationList = 22EBFEA11CEEB60F004127BD /* Build configuration list for PBXNativeTarget "JSONOC" */;
			buildPhases = (
				22EBFE971CEEB60F004127BD /* Sources */,
				22EBFE981CEEB60F004127BD /* Frameworks */,
				22EBFE991CEEB60F004127BD /* CopyFiles */,
			);
			buildRules = (
			);
			dependencies = (
			);
			name = JSONOC;
			productName = JSONOC;
			productReference = 22EBFE9B1CEEB60F004127BD /* JSONOC */;
			productType = "com.apple.product-type.tool";
		};
/* End PBXNativeTarget section */

/* Begin PBXProject section */
		227707D71CED619E00A56078 /* Project object */ = {
			isa = PBXProject;
			attributes = {
				LastUpgradeCheck = 0730;
				ORGANIZATIONNAME = "Mark MaMian";
				TargetAttributes = {
					227707DE1CED619E00A56078 = {
						CreatedOnToolsVersion = 7.3.1;
					};
					22EBFE9A1CEEB60F004127BD = {
						CreatedOnToolsVersion = 7.3.1;
					};
				};
			};
			buildConfigurationList = 227707DA1CED619E00A56078 /* Build configuration list for PBXProject "PracticeOC" */;
			compatibilityVersion = "Xcode 3.2";
			developmentRegion = English;
			hasScannedForEncodings = 0;
			knownRegions = (
				en,
			);
			mainGroup = 227707D61CED619E00A56078;
			productRefGroup = 227707E01CED619E00A56078 /* Products */;
			projectDirPath = "";
			projectRoot = "";
			targets = (
				227707DE1CED619E00A56078 /* PracticeOC */,
				22EBFE9A1CEEB60F004127BD /* JSONOC */,
			);
		};
/* End PBXProject section */

/* Begin PBXSourcesBuildPhase section */
		227707DB1CED619E00A56078 /* Sources */ = {
			isa = PBXSourcesBuildPhase;
			buildActionMask = 2147483647;
			files = (
				227707E31CED619E00A56078 /* main.m in Sources */,
			);
			runOnlyForDeploymentPostprocessing = 0;
		};
		22EBFE971CEEB60F004127BD /* Sources */ = {
			isa = PBXSourcesBuildPhase;
			buildActionMask = 2147483647;
			files = (
				22EBFE9E1CEEB60F004127BD /* main.m in Sources */,
			);
			runOnlyForDeploymentPostprocessing = 0;
		};
/* End PBXSourcesBuildPhase section */

/* Begin XCBuildConfiguration section */
		227707E41CED619E00A56078 /* Debug */ = {
			isa = XCBuildConfiguration;
			buildSettings = {
				ALWAYS_SEARCH_USER_PATHS = NO;
				CLANG_ANALYZER_NONNULL = YES;
				CLANG_CXX_LANGUAGE_STANDARD = "gnu++0x";
				CLANG_CXX_LIBRARY = "libc++";
				CLANG_ENABLE_MODULES = YES;
				CLANG_ENABLE_OBJC_ARC = YES;
				CLANG_WARN_BOOL_CONVERSION = YES;
				CLANG_WARN_CONSTANT_CONVERSION = YES;
				CLANG_WARN_DIRECT_OBJC_ISA_USAGE = YES_ERROR;
				CLANG_WARN_EMPTY_BODY = YES;
				CLANG_WARN_ENUM_CONVERSION = YES;
				CLANG_WARN_INT_CONVERSION = YES;
				CLANG_WARN_OBJC_ROOT_CLASS = YES_ERROR;
				CLANG_WARN_UNREACHABLE_CODE = YES;
				CLANG_WARN__DUPLICATE_METHOD_MATCH = YES;
				CODE_SIGN_IDENTITY = "-";
				COPY_PHASE_STRIP = NO;
				DEBUG_INFORMATION_FORMAT = dwarf;
				ENABLE_STRICT_OBJC_MSGSEND = YES;
				ENABLE_TESTABILITY = YES;
				GCC_C_LANGUAGE_STANDARD = gnu99;
				GCC_DYNAMIC_NO_PIC = NO;
				GCC_NO_COMMON_BLOCKS = YES;
				GCC_OPTIMIZATION_LEVEL = 0;
				GCC_PREPROCESSOR_DEFINITIONS = (
					"DEBUG=1",
					"$(inherited)",
				);
				GCC_WARN_64_TO_32_BIT_CONVERSION = YES;
				GCC_WARN_ABOUT_RETURN_TYPE = YES_ERROR;
				GCC_WARN_UNDECLARED_SELECTOR = YES;
				GCC_WARN_UNINITIALIZED_AUTOS = YES_AGGRESSIVE;
				GCC_WARN_UNUSED_FUNCTION = YES;
				GCC_WARN_UNUSED_VARIABLE = YES;
				MACOSX_DEPLOYMENT_TARGET = 10.11;
				MTL_ENABLE_DEBUG_INFO = YES;
				ONLY_ACTIVE_ARCH = YES;
				SDKROOT = macosx;
			};
			name = Debug;
		};
		227707E51CED619E00A56078 /* Release */ = {
			isa = XCBuildConfiguration;
			buildSettings = {
				ALWAYS_SEARCH_USER_PATHS = NO;
				CLANG_ANALYZER_NONNULL = YES;
				CLANG_CXX_LANGUAGE_STANDARD = "gnu++0x";
				CLANG_CXX_LIBRARY = "libc++";
				CLANG_ENABLE_MODULES = YES;
				CLANG_ENABLE_OBJC_ARC = YES;
				CLANG_WARN_BOOL_CONVERSION = YES;
				CLANG_WARN_CONSTANT_CONVERSION = YES;
				CLANG_WARN_DIRECT_OBJC_ISA_USAGE = YES_ERROR;
				CLANG_WARN_EMPTY_BODY = YES;
				CLANG_WARN_ENUM_CONVERSION = YES;
				CLANG_WARN_INT_CONVERSION = YES;
				CLANG_WARN_OBJC_ROOT_CLASS = YES_ERROR;
				CLANG_WARN_UNREACHABLE_CODE = YES;
				CLANG_WARN__DUPLICATE_METHOD_MATCH = YES;
				CODE_SIGN_IDENTITY = "-";
				COPY_PHASE_STRIP = NO;
				DEBUG_INFORMATION_FORMAT = "dwarf-with-dsym";
				ENABLE_NS_ASSERTIONS = NO;
				ENABLE_STRICT_OBJC_MSGSEND = YES;
				GCC_C_LANGUAGE_STANDARD = gnu99;
				GCC_NO_COMMON_BLOCKS = YES;
				GCC_WARN_64_TO_32_BIT_CONVERSION = YES;
				GCC_WARN_ABOUT_RETURN_TYPE = YES_ERROR;
				GCC_WARN_UNDECLARED_SELECTOR = YES;
				GCC_WARN_UNINITIALIZED_AUTOS = YES_AGGRESSIVE;
				GCC_WARN_UNUSED_FUNCTION = YES;
				GCC_WARN_UNUSED_VARIABLE = YES;
				MACOSX_DEPLOYMENT_TARGET = 10.11;
				MTL_ENABLE_DEBUG_INFO = NO;
				SDKROOT = macosx;
			};
			name = Release;
		};
		227707E71CED619E00A56078 /* Debug */ = {
			isa = XCBuildConfiguration;
			buildSettings = {
				PRODUCT_NAME = "$(TARGET_NAME)";
			};
			name = Debug;
		};
		227707E81CED619E00A56078 /* Release */ = {
			isa = XCBuildConfiguration;
			buildSettings = {
				PRODUCT_NAME = "$(TARGET_NAME)";
			};
			name = Release;
		};
		22EBFE9F1CEEB60F004127BD /* Debug */ = {
			isa = XCBuildConfiguration;
			buildSettings = {
				PRODUCT_NAME = "$(TARGET_NAME)";
			};
			name = Debug;
		};
		22EBFEA01CEEB60F004127BD /* Release */ = {
			isa = XCBuildConfiguration;
			buildSettings = {
				PRODUCT_NAME = "$(TARGET_NAME)";
			};
			name = Release;
		};
/* End XCBuildConfiguration section */

/* Begin XCConfigurationList section */
		227707DA1CED619E00A56078 /* Build configuration list for PBXProject "PracticeOC" */ = {
			isa = XCConfigurationList;
			buildConfigurations = (
				227707E41CED619E00A56078 /* Debug */,
				227707E51CED619E00A56078 /* Release */,
			);
			defaultConfigurationIsVisible = 0;
			defaultConfigurationName = Release;
		};
		227707E61CED619E00A56078 /* Build configuration list for PBXNativeTarget "PracticeOC" */ = {
			isa = XCConfigurationList;
			buildConfigurations = (
				227707E71CED619E00A56078 /* Debug */,
				227707E81CED619E00A56078 /* Release */,
			);
			defaultConfigurationIsVisible = 0;
			defaultConfigurationName = Release;
		};
		22EBFEA11CEEB60F004127BD /* Build configuration list for PBXNativeTarget "JSONOC" */ = {
			isa = XCConfigurationList;
			buildConfigurations = (
				22EBFE9F1CEEB60F004127BD /* Debug */,
				22EBFEA01CEEB60F004127BD /* Release */,
			);
			defaultConfigurationIsVisible = 0;
			defaultConfigurationName = Release;
		};
/* End XCConfigurationList section */
	};
	rootObject = 227707D71CED619E00A56078 /* Project object */;
}
