// !$*UTF8*$!
{
	archiveVersion = 1;
	classes = {
	};
	objectVersion = 46;
	objects = {

/* Begin PBXFileReference section */
		871D3248E512019DFECDBF49 /* HelloWorld.c */ = {isa = PBXFileReference; fileEncoding = 4; lastKnownFileType = sourcecode.c.c; path = HelloWorld.c; sourceTree = "<group>"; };
/* End PBXFileReference section */

/* Begin PBXGroup section */
		871D340C4FC649F68692CEF7 = {
			isa = PBXGroup;
			children = (
				871D37BACCB616FF55DE1FFF /* Products */,
				871D3248E512019DFECDBF49 /* HelloWorld.c */,
			);
			sourceTree = "<group>";
		};
		871D37BACCB616FF55DE1FFF /* Products */ = {
			isa = PBXGroup;
			children = (
			);
			name = Products;
			sourceTree = "<group>";
		};
/* End PBXGroup section */

/* Begin PBXProject section */
		871D326A4A8C57DA9CF5CC37 /* Project object */ = {
			isa = PBXProject;
			buildConfigurationList = 871D3EFDAB498CE111699F74 /* Build configuration list for PBXProject "HelloWorld" */;
			compatibilityVersion = "Xcode 3.2";
			developmentRegion = English;
			hasScannedForEncodings = 0;
			knownRegions = (
				en,
			);
			mainGroup = 871D340C4FC649F68692CEF7;
			productRefGroup = 871D37BACCB616FF55DE1FFF /* Products */;
			projectDirPath = "";
			projectRoot = "";
			targets = (
			);
		};
/* End PBXProject section */

/* Begin XCBuildConfiguration section */
		871D32FAD28F1C0FE88E8548 /* Debug */ = {
			isa = XCBuildConfiguration;
			buildSettings = {
			};
			name = Debug;
		};
		871D38BF1040B650387AEF83 /* Release */ = {
			isa = XCBuildConfiguration;
			buildSettings = {
			};
			name = Release;
		};
/* End XCBuildConfiguration section */

/* Begin XCConfigurationList section */
		871D3EFDAB498CE111699F74 /* Build configuration list for PBXProject "HelloWorld" */ = {
			isa = XCConfigurationList;
			buildConfigurations = (
				871D32FAD28F1C0FE88E8548 /* Debug */,
				871D38BF1040B650387AEF83 /* Release */,
			);
			defaultConfigurationIsVisible = 0;
			defaultConfigurationName = Release;
		};
/* End XCConfigurationList section */
	};
	rootObject = 871D326A4A8C57DA9CF5CC37 /* Project object */;
}
